{
  "nodes": {
    "crane": {
      "locked": {
        "lastModified": 1785284101,
        "narHash": "sha256-ghcXEpYEM4a7pbEkoqbn8c0ptJJqgGzuFiG3T6W5g4I=",
        "owner": "ipetkov",
        "repo": "crane",
        "rev": "756d6d07c3818ea95d1e2cdac63fa7d02fe3e61b",
        "type": "github"
      },
      "original": {
        "owner": "ipetkov",
        "repo": "crane",
        "type": "github"
      }
    },
    "flake-utils": {
      "inputs": {
        "systems": "systems"
      },
      "locked": {
        "lastModified": 1731533236,
        "narHash": "sha256-l0KFg5HjrsfsO/JpG+r7fRrqm12kzFHyUHqHCVpMMbI=",
        "owner": "numtide",
        "repo": "flake-utils",
        "rev": "11707dc2f618dd54ca8739b309ec4fc024de578b",
        "type": "github"
      },
      "original": {
        "owner": "numtide",
        "repo": "flake-utils",
        "type": "github"
      }
    },
    "flake-utils_2": {
      "inputs": {
        "systems": "systems_2"
      },
      "locked": {
        "lastModified": 1731533236,
        "narHash": "sha256-l0KFg5HjrsfsO/JpG+r7fRrqm12kzFHyUHqHCVpMMbI=",
        "owner": "numtide",
        "repo": "flake-utils",
        "rev": "11707dc2f618dd54ca8739b309ec4fc024de578b",
        "type": "github"
      },
      "original": {
        "owner": "numtide",
        "repo": "flake-utils",
        "type": "github"
      }
    },
    "inputplumber-nixpkgs": {
      "locked": {
        "lastModified": 1773268795,
        "narHash": "sha256-Uf9UIDZE1Obwn2JLNo9pgZBNWxWLqukNYaAKetVmL28=",
        "owner": "NixOS",
        "repo": "nixpkgs",
        "rev": "9a37a7b2ae651b6182ef08d0d446a964339bcdfe",
        "type": "github"
      },
      "original": {
        "owner": "NixOS",
        "repo": "nixpkgs",
        "rev": "9a37a7b2ae651b6182ef08d0d446a964339bcdfe",
        "type": "github"
      }
    },
    "korri": {
      "inputs": {
        "crane": "crane",
        "flake-utils": "flake-utils_2",
        "inputplumber-nixpkgs": "inputplumber-nixpkgs",
        "nixpkgs": "nixpkgs",
        "proseql": "proseql",
        "rust-overlay": "rust-overlay"
      },
      "locked": {
        "lastModified": 1790950952,
        "narHash": "sha256-Pw9FEjArpZ+eXwbkAJZRcvdiC3NFV85uXc6aApNdILQ=",
        "owner": "korri-os",
        "repo": "korri",
        "rev": "d86968adbb6ff1ebf4993fdc620ca76d2b072724",
        "type": "github"
      },
      "original": {
        "owner": "korri-os",
        "repo": "korri",
        "rev": "d86968adbb6ff1ebf4993fdc620ca76d2b072724",
        "type": "github"
      }
    },
    "nixpkgs": {
      "locked": {
        "lastModified": 1766309749,
        "narHash": "sha256-3xY8CZ4rSnQ0NqGhMKAy5vgC+2IVK0NoVEzDoOh4DA4=",
        "owner": "NixOS",
        "repo": "nixpkgs",
        "rev": "a6531044f6d0bef691ea18d4d4ce44d0daa6e816",
        "type": "github"
      },
      "original": {
        "owner": "NixOS",
        "ref": "nixos-unstable",
        "repo": "nixpkgs",
        "type": "github"
      }
    },
    "nixpkgs_2": {
      "locked": {
        "lastModified": 1766309749,
        "narHash": "sha256-3xY8CZ4rSnQ0NqGhMKAy5vgC+2IVK0NoVEzDoOh4DA4=",
        "owner": "NixOS",
        "repo": "nixpkgs",
        "rev": "a6531044f6d0bef691ea18d4d4ce44d0daa6e816",
        "type": "github"
      },
      "original": {
        "owner": "NixOS",
        "ref": "nixos-unstable",
        "repo": "nixpkgs",
        "type": "github"
      }
    },
    "nixpkgs_3": {
      "locked": {
        "lastModified": 1773389992,
        "narHash": "sha256-wvfdLLWJ2I9oEpDd9PfMA8osfIZicoQ5MT1jIwNs9Tk=",
        "owner": "NixOS",
        "repo": "nixpkgs",
        "rev": "c06b4ae3d6599a672a6210b7021d699c351eebda",
        "type": "github"
      },
      "original": {
        "owner": "NixOS",
        "repo": "nixpkgs",
        "rev": "c06b4ae3d6599a672a6210b7021d699c351eebda",
        "type": "github"
      }
    },
    "nixpkgs_4": {
      "locked": {
        "lastModified": 1790822859,
        "narHash": "sha256-69xHQhAeMAD2wDXO7T2pcOZIF9Sga2W+JkmY2a11Ops=",
        "owner": "NixOS",
        "repo": "nixpkgs",
        "rev": "c59305bab2065cfecc4944690d9eedbb56f3a9fa",
        "type": "github"
      },
      "original": {
        "owner": "NixOS",
        "ref": "nixos-unstable",
        "repo": "nixpkgs",
        "type": "github"
      }
    },
    "nocturne-encore": {
      "flake": false,
      "locked": {
        "lastModified": 1791080631,
        "narHash": "sha256-ScqUhOuL+aRcHI/XkN+ZOGgqCPbTaA49kWbnX6Zc7UI=",
        "owner": "simonwjackson",
        "repo": "nocturne-encore",
        "rev": "c0e341e908b8b3568c633c673edf94a7dc1d3428",
        "type": "github"
      },
      "original": {
        "owner": "simonwjackson",
        "repo": "nocturne-encore",
        "rev": "c0e341e908b8b3568c633c673edf94a7dc1d3428",
        "type": "github"
      }
    },
    "proseql": {
      "flake": false,
      "locked": {
        "lastModified": 1785529631,
        "narHash": "sha256-lCNAutPfiqWtwjy5wSYLi+kDSRKdBRBGRAb+H2WUtAg=",
        "owner": "simonwjackson",
        "repo": "proseql",
        "rev": "7ba57cf17c01b15ccdb030237a96b6376a349253",
        "type": "github"
      },
      "original": {
        "owner": "simonwjackson",
        "repo": "proseql",
        "rev": "7ba57cf17c01b15ccdb030237a96b6376a349253",
        "type": "github"
      }
    },
    "root": {
      "inputs": {
        "flake-utils": "flake-utils",
        "korri": "korri",
        "nixpkgs": "nixpkgs_2",
        "nocturne-encore": "nocturne-encore",
        "signs-of-rain": "signs-of-rain",
        "skate3": "skate3"
      }
    },
    "rust-overlay": {
      "inputs": {
        "nixpkgs": [
          "korri",
          "nixpkgs"
        ]
      },
      "locked": {
        "lastModified": 1785302874,
        "narHash": "sha256-fpKEww3TJoo1ANHO2q918ei+ayOrp0YEQAO1DuBLOB4=",
        "owner": "oxalica",
        "repo": "rust-overlay",
        "rev": "b99d48435bc3e34309d2c7ae6f7d45e77a156c38",
        "type": "github"
      },
      "original": {
        "owner": "oxalica",
        "repo": "rust-overlay",
        "type": "github"
      }
    },
    "signs-of-rain": {
      "inputs": {
        "nixpkgs": "nixpkgs_3"
      },
      "locked": {
        "lastModified": 1791069419,
        "narHash": "sha256-u8v7If+cQNNfOYrjmruzVeFa7lFAhm1tv8GjIlqvbCQ=",
        "owner": "simonwjackson",
        "repo": "signs-of-rain",
        "rev": "a5a320681fa0688a618b0894d04de1a00b1ad537",
        "type": "github"
      },
      "original": {
        "owner": "simonwjackson",
        "repo": "signs-of-rain",
        "rev": "a5a320681fa0688a618b0894d04de1a00b1ad537",
        "type": "github"
      }
    },
    "skate3": {
      "inputs": {
        "nixpkgs": "nixpkgs_4"
      },
      "locked": {
        "lastModified": 1790974745,
        "narHash": "sha256-9quG2ycZzerCvJjOWMqFcedVHFPpXKbjdfbU0dy72K8=",
        "owner": "simonwjackson",
        "repo": "skate-3-flake",
        "rev": "4e58e784407326d4da9dab5ab2b44fd32eb03c22",
        "type": "github"
      },
      "original": {
        "owner": "simonwjackson",
        "repo": "skate-3-flake",
        "rev": "4e58e784407326d4da9dab5ab2b44fd32eb03c22",
        "type": "github"
      }
    },
    "systems": {
      "locked": {
        "lastModified": 1681028828,
        "narHash": "sha256-Vy1rq5AaRuLzOxct8nz4T6wlgyUR7zLU309k9mBC768=",
        "owner": "nix-systems",
        "repo": "default",
        "rev": "da67096a3b9bf56a91d16901293e51ba5b49a27e",
        "type": "github"
      },
      "original": {
        "owner": "nix-systems",
        "repo": "default",
        "type": "github"
      }
    },
    "systems_2": {
      "locked": {
        "lastModified": 1681028828,
        "narHash": "sha256-Vy1rq5AaRuLzOxct8nz4T6wlgyUR7zLU309k9mBC768=",
        "owner": "nix-systems",
        "repo": "default",
        "rev": "da67096a3b9bf56a91d16901293e51ba5b49a27e",
        "type": "github"
      },
      "original": {
        "owner": "nix-systems",
        "repo": "default",
        "type": "github"
      }
    }
  },
  "root": "root",
  "version": 7
}
